
Microsoft Visual Studio Solution File, Format Version 12.00
# Visual Studio 15
VisualStudioVersion = 15.0.26403.0
MinimumVisualStudioVersion = 10.0.40219.1
Project("{FAE04EC0-301F-11D3-BF4B-00C04F79EFBC}") = "sqlbox", "sqlbox\sqlbox.csproj", "{FC7BF906-EC41-4362-BD7D-562BED1DFAA6}"
EndProject
Project("{FAE04EC0-301F-11D3-BF4B-00C04F79EFBC}") = "sqlboxbackend", "sqlboxbackend\sqlboxbackend.csproj", "{B63CB60B-C9AF-4903-AD09-1E1A84699AE4}"
EndProject
Project("{2150E333-8FDC-42A3-9474-1A3956D46DE8}") = "Solution Items", "Solution Items", "{0FA2B7BD-3251-4D39-AEA9-90C43CBD2BC3}"
	ProjectSection(SolutionItems) = preProject
		README.md = README.md
	EndProjectSection
EndProject
Global
	GlobalSection(SolutionConfigurationPlatforms) = preSolution
		Debug|Any CPU = Debug|Any CPU
		Release|Any CPU = Release|Any CPU
	EndGlobalSection
	GlobalSection(ProjectConfigurationPlatforms) = postSolution
		{FC7BF906-EC41-4362-BD7D-562BED1DFAA6}.Debug|Any CPU.ActiveCfg = Debug|Any CPU
		{FC7BF906-EC41-4362-BD7D-562BED1DFAA6}.Debug|Any CPU.Build.0 = Debug|Any CPU
		{FC7BF906-EC41-4362-BD7D-562BED1DFAA6}.Release|Any CPU.ActiveCfg = Release|Any CPU
		{FC7BF906-EC41-4362-BD7D-562BED1DFAA6}.Release|Any CPU.Build.0 = Release|Any CPU
		{B63CB60B-C9AF-4903-AD09-1E1A84699AE4}.Debug|Any CPU.ActiveCfg = Debug|Any CPU
		{B63CB60B-C9AF-4903-AD09-1E1A84699AE4}.Debug|Any CPU.Build.0 = Debug|Any CPU
		{B63CB60B-C9AF-4903-AD09-1E1A84699AE4}.Release|Any CPU.ActiveCfg = Release|Any CPU
		{B63CB60B-C9AF-4903-AD09-1E1A84699AE4}.Release|Any CPU.Build.0 = Release|Any CPU
	EndGlobalSection
	GlobalSection(SolutionProperties) = preSolution
		HideSolutionNode = FALSE
	EndGlobalSection
EndGlobal
